<?xml version="1.0" encoding="utf-8"?>
<Project ToolsVersion="4.0" xmlns="http://schemas.microsoft.com/developer/msbuild/2003">
  <ItemGroup>
    <Filter Include="collab">
      <UniqueIdentifier>{75d95b20-d35a-49be-a24c-ca7c90959894}</UniqueIdentifier>
    </Filter>
    <Filter Include="collab\resources">
      <UniqueIdentifier>{a5e92d0d-e5d8-4dcc-9ed6-82d29f5a49c4}</UniqueIdentifier>
    </Filter>
    <Filter Include="collab\resources\ico">
      <UniqueIdentifier>{03de9fe6-8147-4caa-89bb-05267c9fa6a3}</UniqueIdentifier>
    </Filter>
    <Filter Include="collab\resources\png">
      <UniqueIdentifier>{c77601bc-f1ea-4f6e-af22-e640c4457cc1}</UniqueIdentifier>
    </Filter>
    <Filter Include="collab\gui">
      <UniqueIdentifier>{cdc2d33b-eda8-403b-9b68-eb5abb5d2d2e}</UniqueIdentifier>
    </Filter>
    <Filter Include="collab\gui\main_form">
      <UniqueIdentifier>{6c7774a4-22a1-43af-8cfa-c6ac893a676a}</UniqueIdentifier>
    </Filter>
    <Filter Include="collab\gui\main_form\pages">
      <UniqueIdentifier>{93704f91-1b15-425d-9cc2-587b9d9fa46f}</UniqueIdentifier>
    </Filter>
    <Filter Include="collab\collab">
      <UniqueIdentifier>{9805a174-0d62-405d-8bde-47ed24556381}</UniqueIdentifier>
    </Filter>
    <Filter Include="collab\collab\users">
      <UniqueIdentifier>{9067a90d-1c34-4c9b-a875-275c4a99b729}</UniqueIdentifier>
    </Filter>
    <Filter Include="collab\collab\sessions">
      <UniqueIdentifier>{6b967573-c226-4da8-b21e-fed40732a47b}</UniqueIdentifier>
    </Filter>
    <Filter Include="collab\collab\messages">
      <UniqueIdentifier>{6ceee6cf-6dd1-41d7-8567-cf1126c98ee7}</UniqueIdentifier>
    </Filter>
    <Filter Include="collab\collab\files">
      <UniqueIdentifier>{fc19746f-fe87-4815-af89-8499cd763ce2}</UniqueIdentifier>
    </Filter>
    <Filter Include="collab\collab\reviews">
      <UniqueIdentifier>{762c32e4-0b6b-478c-b516-1c00e486cf2b}</UniqueIdentifier>
    </Filter>
    <Filter Include="collab\gui\main_form\pages\log">
      <UniqueIdentifier>{3e1a8d62-5322-4b9d-8ac2-25ce2a62f4ef}</UniqueIdentifier>
    </Filter>
    <Filter Include="collab\gui\main_form\pages\help">
      <UniqueIdentifier>{009bfd69-ad90-4774-a7fe-0987a1e02e90}</UniqueIdentifier>
    </Filter>
    <Filter Include="collab\gui\main_form\pages\settings">
      <UniqueIdentifier>{1311c80c-924e-4167-b70d-ebb540404d2f}</UniqueIdentifier>
    </Filter>
    <Filter Include="collab\gui\main_form\pages\home">
      <UniqueIdentifier>{277a2c0c-eb61-4e60-a9d9-537a98cd229e}</UniqueIdentifier>
    </Filter>
    <Filter Include="collab\gui\main_form\pages\home\new_session">
      <UniqueIdentifier>{9cb42a16-a2a0-49d9-a2be-a669dec1fb71}</UniqueIdentifier>
    </Filter>
    <Filter Include="collab\gui\main_form\pages\home\join_session">
      <UniqueIdentifier>{414fc153-b6de-4f81-9a40-480826b9f746}</UniqueIdentifier>
    </Filter>
    <Filter Include="collab\gui\main_form\top_status_pane">
      <UniqueIdentifier>{c345dce2-09f2-4755-bb7e-cd36b736e76b}</UniqueIdentifier>
    </Filter>
    <Filter Include="collab\gui\main_form\top_status_pane\user">
      <UniqueIdentifier>{0ce4fb91-d4fa-4a06-b217-22fce4157a4a}</UniqueIdentifier>
    </Filter>
    <Filter Include="collab\gui\main_form\side_pane">
      <UniqueIdentifier>{1fae4ded-84dc-4913-af0a-25cd3e4febb2}</UniqueIdentifier>
    </Filter>
    <Filter Include="collab\gui\main_form\pages\home\collaboration_pane">
      <UniqueIdentifier>{d5f48cff-2d56-47b8-90ef-73a93aa65d44}</UniqueIdentifier>
    </Filter>
    <Filter Include="collab\gui\main_form\pages\home\collaboration_pane\chat_pane">
      <UniqueIdentifier>{116195f2-7a4b-4d74-90db-f007d975a2e0}</UniqueIdentifier>
    </Filter>
    <Filter Include="collab\gui\main_form\pages\home\collaboration_pane\files_pane">
      <UniqueIdentifier>{f74c75b8-20a7-4560-8db8-f8a38d849d94}</UniqueIdentifier>
    </Filter>
  </ItemGroup>
  <ItemGroup>
    <ClInclude Include="version_info.h">
      <Filter>collab</Filter>
    </ClInclude>
    <ClInclude Include="resource.h">
      <Filter>collab</Filter>
    </ClInclude>
    <ClInclude Include="gui.h">
      <Filter>collab</Filter>
    </ClInclude>
    <ClInclude Include="helper_functions.h">
      <Filter>collab</Filter>
    </ClInclude>
    <ClInclude Include="collab\collab.h">
      <Filter>collab\collab</Filter>
    </ClInclude>
    <ClInclude Include="collab\impl.h">
      <Filter>collab\collab</Filter>
    </ClInclude>
  </ItemGroup>
  <ItemGroup>
    <ResourceCompile Include="version_info.rc">
      <Filter>collab</Filter>
    </ResourceCompile>
    <ResourceCompile Include="resource.rc">
      <Filter>collab</Filter>
    </ResourceCompile>
  </ItemGroup>
  <ItemGroup>
    <ClCompile Include="main.cpp">
      <Filter>collab</Filter>
    </ClCompile>
    <ClCompile Include="gui\main_form.cpp">
      <Filter>collab\gui\main_form</Filter>
    </ClCompile>
    <ClCompile Include="helper_functions.cpp">
      <Filter>collab</Filter>
    </ClCompile>
    <ClCompile Include="gui\on_initialize.cpp">
      <Filter>collab\gui\main_form</Filter>
    </ClCompile>
    <ClCompile Include="gui\on_layout.cpp">
      <Filter>collab\gui\main_form</Filter>
    </ClCompile>
    <ClCompile Include="gui\on_start.cpp">
      <Filter>collab\gui\main_form</Filter>
    </ClCompile>
    <ClCompile Include="collab\collab.cpp">
      <Filter>collab\collab</Filter>
    </ClCompile>
    <ClCompile Include="collab\users\users.cpp">
      <Filter>collab\collab\users</Filter>
    </ClCompile>
    <ClCompile Include="collab\sessions\sessions.cpp">
      <Filter>collab\collab\sessions</Filter>
    </ClCompile>
    <ClCompile Include="collab\messages\messages.cpp">
      <Filter>collab\collab\messages</Filter>
    </ClCompile>
    <ClCompile Include="collab\files\files.cpp">
      <Filter>collab\collab\files</Filter>
    </ClCompile>
    <ClCompile Include="collab\reviews\reviews.cpp">
      <Filter>collab\collab\reviews</Filter>
    </ClCompile>
    <ClCompile Include="gui\pages\log\log.cpp">
      <Filter>collab\gui\main_form\pages\log</Filter>
    </ClCompile>
    <ClCompile Include="gui\pages\help\help.cpp">
      <Filter>collab\gui\main_form\pages\help</Filter>
    </ClCompile>
    <ClCompile Include="gui\pages\settings\settings.cpp">
      <Filter>collab\gui\main_form\pages\settings</Filter>
    </ClCompile>
    <ClCompile Include="gui\pages\home\home.cpp">
      <Filter>collab\gui\main_form\pages\home</Filter>
    </ClCompile>
    <ClCompile Include="gui\pages\home\new_session\new_session.cpp">
      <Filter>collab\gui\main_form\pages\home\new_session</Filter>
    </ClCompile>
    <ClCompile Include="gui\pages\home\join_session\join_session.cpp">
      <Filter>collab\gui\main_form\pages\home\join_session</Filter>
    </ClCompile>
    <ClCompile Include="gui\top_status_pane\top_status_pane.cpp">
      <Filter>collab\gui\main_form\top_status_pane</Filter>
    </ClCompile>
    <ClCompile Include="gui\top_status_pane\user\user.cpp">
      <Filter>collab\gui\main_form\top_status_pane\user</Filter>
    </ClCompile>
    <ClCompile Include="gui\side_pane\side_pane.cpp">
      <Filter>collab\gui\main_form\side_pane</Filter>
    </ClCompile>
    <ClCompile Include="gui\pages\home\collaboration_pane\chat_pane\add_chat_pane.cpp">
      <Filter>collab\gui\main_form\pages\home\collaboration_pane\chat_pane</Filter>
    </ClCompile>
    <ClCompile Include="gui\pages\home\collaboration_pane\files_pane\add_files_pane.cpp">
      <Filter>collab\gui\main_form\pages\home\collaboration_pane\files_pane</Filter>
    </ClCompile>
    <ClCompile Include="gui\pages\home\collaboration_pane\chat_pane\update_session_chat_messages.cpp">
      <Filter>collab\gui\main_form\pages\home\collaboration_pane\chat_pane</Filter>
    </ClCompile>
    <ClCompile Include="gui\pages\home\collaboration_pane\files_pane\update_session_chat_files.cpp">
      <Filter>collab\gui\main_form\pages\home\collaboration_pane\files_pane</Filter>
    </ClCompile>
    <ClCompile Include="gui\pages\home\collaboration_pane\files_pane\update_file_reviews.cpp">
      <Filter>collab\gui\main_form\pages\home\collaboration_pane\files_pane</Filter>
    </ClCompile>
  </ItemGroup>
  <ItemGroup>
    <Image Include="resources\ico\icon.ico">
      <Filter>collab\resources\ico</Filter>
    </Image>
    <Image Include="resources\png\icon_32.png">
      <Filter>collab\resources\png</Filter>
    </Image>
    <Image Include="resources\png\icon_64.png">
      <Filter>collab\resources\png</Filter>
    </Image>
    <Image Include="resources\png\icon_128.png">
      <Filter>collab\resources\png</Filter>
    </Image>
    <Image Include="resources\png\icon_256.png">
      <Filter>collab\resources\png</Filter>
    </Image>
    <Image Include="resources\png\icon_512.png">
      <Filter>collab\resources\png</Filter>
    </Image>
    <Image Include="resources\png\splash_128.png">
      <Filter>collab\resources\png</Filter>
    </Image>
    <Image Include="resources\png\splash_256.png">
      <Filter>collab\resources\png</Filter>
    </Image>
    <Image Include="resources\png\add.png">
      <Filter>collab\resources\png</Filter>
    </Image>
    <Image Include="resources\png\team.png">
      <Filter>collab\resources\png</Filter>
    </Image>
    <Image Include="resources\png\user.png">
      <Filter>collab\resources\png</Filter>
    </Image>
    <Image Include="resources\png\back_dark.png">
      <Filter>collab\resources\png</Filter>
    </Image>
    <Image Include="resources\png\back_light.png">
      <Filter>collab\resources\png</Filter>
    </Image>
    <Image Include="resources\png\delete.png">
      <Filter>collab\resources\png</Filter>
    </Image>
    <Image Include="resources\png\error.png">
      <Filter>collab\resources\png</Filter>
    </Image>
    <Image Include="resources\png\info.png">
      <Filter>collab\resources\png</Filter>
    </Image>
    <Image Include="resources\png\settings.png">
      <Filter>collab\resources\png</Filter>
    </Image>
    <Image Include="resources\png\updates.png">
      <Filter>collab\resources\png</Filter>
    </Image>
    <Image Include="resources\png\send.png">
      <Filter>collab\resources\png</Filter>
    </Image>
    <Image Include="resources\png\chat.png">
      <Filter>collab\resources\png</Filter>
    </Image>
    <Image Include="resources\png\log.png">
      <Filter>collab\resources\png</Filter>
    </Image>
    <Image Include="resources\png\audio.png">
      <Filter>collab\resources\png</Filter>
    </Image>
    <Image Include="resources\png\archive.png">
      <Filter>collab\resources\png</Filter>
    </Image>
    <Image Include="resources\png\doc.png">
      <Filter>collab\resources\png</Filter>
    </Image>
    <Image Include="resources\png\file.png">
      <Filter>collab\resources\png</Filter>
    </Image>
    <Image Include="resources\png\executable.png">
      <Filter>collab\resources\png</Filter>
    </Image>
    <Image Include="resources\png\files.png">
      <Filter>collab\resources\png</Filter>
    </Image>
    <Image Include="resources\png\open_file.png">
      <Filter>collab\resources\png</Filter>
    </Image>
    <Image Include="resources\png\pdf.png">
      <Filter>collab\resources\png</Filter>
    </Image>
    <Image Include="resources\png\ppt.png">
      <Filter>collab\resources\png</Filter>
    </Image>
    <Image Include="resources\png\psd.png">
      <Filter>collab\resources\png</Filter>
    </Image>
    <Image Include="resources\png\save_as.png">
      <Filter>collab\resources\png</Filter>
    </Image>
    <Image Include="resources\png\iso.png">
      <Filter>collab\resources\png</Filter>
    </Image>
    <Image Include="resources\png\tasks.png">
      <Filter>collab\resources\png</Filter>
    </Image>
    <Image Include="resources\png\txt.png">
      <Filter>collab\resources\png</Filter>
    </Image>
    <Image Include="resources\png\video.png">
      <Filter>collab\resources\png</Filter>
    </Image>
    <Image Include="resources\png\xls.png">
      <Filter>collab\resources\png</Filter>
    </Image>
    <Image Include="resources\png\review.png">
      <Filter>collab\resources\png</Filter>
    </Image>
    <Image Include="resources\png\image.png">
      <Filter>collab\resources\png</Filter>
    </Image>
  </ItemGroup>
  <ItemGroup>
    <None Include="collab.source">
      <Filter>collab</Filter>
    </None>
    <None Include="collab.sink">
      <Filter>collab</Filter>
    </None>
  </ItemGroup>
</Project>