<?xml version="1.0" encoding="utf-8"?>
<Project ToolsVersion="4.0" xmlns="http://schemas.microsoft.com/developer/msbuild/2003">
  <ItemGroup>
    <Filter Include="collab">
      <UniqueIdentifier>{75d95b20-d35a-49be-a24c-ca7c90959894}</UniqueIdentifier>
    </Filter>
    <Filter Include="collab\resources">
      <UniqueIdentifier>{a5e92d0d-e5d8-4dcc-9ed6-82d29f5a49c4}</UniqueIdentifier>
    </Filter>
    <Filter Include="collab\resources\ico">
      <UniqueIdentifier>{03de9fe6-8147-4caa-89bb-05267c9fa6a3}</UniqueIdentifier>
    </Filter>
    <Filter Include="collab\resources\png">
      <UniqueIdentifier>{c77601bc-f1ea-4f6e-af22-e640c4457cc1}</UniqueIdentifier>
    </Filter>
    <Filter Include="collab\gui">
      <UniqueIdentifier>{cdc2d33b-eda8-403b-9b68-eb5abb5d2d2e}</UniqueIdentifier>
    </Filter>
    <Filter Include="collab\gui\main_form">
      <UniqueIdentifier>{6c7774a4-22a1-43af-8cfa-c6ac893a676a}</UniqueIdentifier>
    </Filter>
    <Filter Include="collab\gui\main_form\pages">
      <UniqueIdentifier>{93704f91-1b15-425d-9cc2-587b9d9fa46f}</UniqueIdentifier>
    </Filter>
    <Filter Include="collab\gui\main_form\pages\new_session">
      <UniqueIdentifier>{9cb42a16-a2a0-49d9-a2be-a669dec1fb71}</UniqueIdentifier>
    </Filter>
    <Filter Include="collab\gui\main_form\pages\user">
      <UniqueIdentifier>{0ce4fb91-d4fa-4a06-b217-22fce4157a4a}</UniqueIdentifier>
    </Filter>
    <Filter Include="collab\gui\main_form\pages\join_session">
      <UniqueIdentifier>{414fc153-b6de-4f81-9a40-480826b9f746}</UniqueIdentifier>
    </Filter>
  </ItemGroup>
  <ItemGroup>
    <ClInclude Include="version_info.h">
      <Filter>collab</Filter>
    </ClInclude>
    <ClInclude Include="resource.h">
      <Filter>collab</Filter>
    </ClInclude>
    <ClInclude Include="gui.h">
      <Filter>collab</Filter>
    </ClInclude>
    <ClInclude Include="helper_functions.h">
      <Filter>collab</Filter>
    </ClInclude>
    <ClInclude Include="collab.h">
      <Filter>collab</Filter>
    </ClInclude>
  </ItemGroup>
  <ItemGroup>
    <ResourceCompile Include="version_info.rc">
      <Filter>collab</Filter>
    </ResourceCompile>
    <ResourceCompile Include="resource.rc">
      <Filter>collab</Filter>
    </ResourceCompile>
  </ItemGroup>
  <ItemGroup>
    <ClCompile Include="main.cpp">
      <Filter>collab</Filter>
    </ClCompile>
    <ClCompile Include="gui\main_form.cpp">
      <Filter>collab\gui\main_form</Filter>
    </ClCompile>
    <ClCompile Include="helper_functions.cpp">
      <Filter>collab</Filter>
    </ClCompile>
    <ClCompile Include="gui\pages\help.cpp">
      <Filter>collab\gui\main_form\pages</Filter>
    </ClCompile>
    <ClCompile Include="gui\pages\home.cpp">
      <Filter>collab\gui\main_form\pages</Filter>
    </ClCompile>
    <ClCompile Include="gui\pages\settings.cpp">
      <Filter>collab\gui\main_form\pages</Filter>
    </ClCompile>
    <ClCompile Include="gui\on_initialize.cpp">
      <Filter>collab\gui\main_form</Filter>
    </ClCompile>
    <ClCompile Include="gui\on_layout.cpp">
      <Filter>collab\gui\main_form</Filter>
    </ClCompile>
    <ClCompile Include="gui\on_start.cpp">
      <Filter>collab\gui\main_form</Filter>
    </ClCompile>
    <ClCompile Include="gui\side_pane.cpp">
      <Filter>collab\gui\main_form</Filter>
    </ClCompile>
    <ClCompile Include="collab.cpp">
      <Filter>collab</Filter>
    </ClCompile>
    <ClCompile Include="gui\top_status_pane.cpp">
      <Filter>collab\gui\main_form</Filter>
    </ClCompile>
    <ClCompile Include="gui\pages\new_session\new_session.cpp">
      <Filter>collab\gui\main_form\pages\new_session</Filter>
    </ClCompile>
    <ClCompile Include="gui\pages\user\user.cpp">
      <Filter>collab\gui\main_form\pages\user</Filter>
    </ClCompile>
    <ClCompile Include="gui\pages\join_session\join_session.cpp">
      <Filter>collab\gui\main_form\pages\join_session</Filter>
    </ClCompile>
  </ItemGroup>
  <ItemGroup>
    <Image Include="resources\ico\icon.ico">
      <Filter>collab\resources\ico</Filter>
    </Image>
    <Image Include="resources\png\icon_32.png">
      <Filter>collab\resources\png</Filter>
    </Image>
    <Image Include="resources\png\icon_64.png">
      <Filter>collab\resources\png</Filter>
    </Image>
    <Image Include="resources\png\icon_128.png">
      <Filter>collab\resources\png</Filter>
    </Image>
    <Image Include="resources\png\icon_256.png">
      <Filter>collab\resources\png</Filter>
    </Image>
    <Image Include="resources\png\icon_512.png">
      <Filter>collab\resources\png</Filter>
    </Image>
    <Image Include="resources\png\splash_128.png">
      <Filter>collab\resources\png</Filter>
    </Image>
    <Image Include="resources\png\splash_256.png">
      <Filter>collab\resources\png</Filter>
    </Image>
    <Image Include="resources\png\add.png">
      <Filter>collab\resources\png</Filter>
    </Image>
    <Image Include="resources\png\team.png">
      <Filter>collab\resources\png</Filter>
    </Image>
    <Image Include="resources\png\user.png">
      <Filter>collab\resources\png</Filter>
    </Image>
    <Image Include="resources\png\back_dark.png">
      <Filter>collab\resources\png</Filter>
    </Image>
    <Image Include="resources\png\back_light.png">
      <Filter>collab\resources\png</Filter>
    </Image>
    <Image Include="resources\png\delete.png">
      <Filter>collab\resources\png</Filter>
    </Image>
    <Image Include="resources\png\error.png">
      <Filter>collab\resources\png</Filter>
    </Image>
    <Image Include="resources\png\info.png">
      <Filter>collab\resources\png</Filter>
    </Image>
    <Image Include="resources\png\settings.png">
      <Filter>collab\resources\png</Filter>
    </Image>
    <Image Include="resources\png\updates.png">
      <Filter>collab\resources\png</Filter>
    </Image>
    <Image Include="resources\png\send.png">
      <Filter>collab\resources\png</Filter>
    </Image>
    <Image Include="resources\png\chat.png">
      <Filter>collab\resources\png</Filter>
    </Image>
  </ItemGroup>
</Project>